
Microsoft Visual Studio Solution File, Format Version 12.00
# Visual Studio Version 17
VisualStudioVersion = 17.5.002.0
MinimumVisualStudioVersion = 10.0.40219.1
Project("{9A19103F-16F7-4668-BE54-9A1E7A4F7556}") = "MVC-Master", "MVC-Master.csproj", "{8D5D2E86-54E2-4611-B034-2B9B6386A082}"
EndProject
Global
	GlobalSection(SolutionConfigurationPlatforms) = preSolution
		Debug|Any CPU = Debug|Any CPU
		Release|Any CPU = Release|Any CPU
	EndGlobalSection
	GlobalSection(ProjectConfigurationPlatforms) = postSolution
		{8D5D2E86-54E2-4611-B034-2B9B6386A082}.Debug|Any CPU.ActiveCfg = Debug|Any CPU
		{8D5D2E86-54E2-4611-B034-2B9B6386A082}.Debug|Any CPU.Build.0 = Debug|Any CPU
		{8D5D2E86-54E2-4611-B034-2B9B6386A082}.Release|Any CPU.ActiveCfg = Release|Any CPU
		{8D5D2E86-54E2-4611-B034-2B9B6386A082}.Release|Any CPU.Build.0 = Release|Any CPU
	EndGlobalSection
	GlobalSection(SolutionProperties) = preSolution
		HideSolutionNode = FALSE
	EndGlobalSection
	GlobalSection(ExtensibilityGlobals) = postSolution
		SolutionGuid = {73BC2E11-A213-4C91-93E8-0DA4B85C119C}
	EndGlobalSection
EndGlobal
